
Microsoft Visual Studio Solution File, Format Version 12.00
# Visual Studio Version 17
VisualStudioVersion = 17.2.32630.192
MinimumVisualStudioVersion = 10.0.40219.1
Project("{9A19103F-16F7-4668-BE54-9A1E7A4F7556}") = "Getmeajob.WebApp", "Getmeajob.WebApp\Getmeajob.WebApp.csproj", "{6B2AE7CA-9E24-4D2C-A646-4A373DAFDB39}"
EndProject
Project("{9A19103F-16F7-4668-BE54-9A1E7A4F7556}") = "Getmeajob.Model", "Getmeajob.Model\Getmeajob.Model.csproj", "{07C2724E-53FD-433B-9185-0C0EB432C7F2}"
EndProject
Project("{9A19103F-16F7-4668-BE54-9A1E7A4F7556}") = "Getmeajob.Repository", "Getmeajob.Repository\Getmeajob.Repository.csproj", "{97545E9D-CC5E-426E-9ABA-61CF3AA01B3A}"
EndProject
Project("{9A19103F-16F7-4668-BE54-9A1E7A4F7556}") = "Getmeajob.Interface", "Getmeajob.Interfaces\Getmeajob.Interface.csproj", "{2268BC1B-CB4C-4F93-A1C4-8EBB81788349}"
EndProject
Project("{9A19103F-16F7-4668-BE54-9A1E7A4F7556}") = "Getmeajob.Data", "Getmeajob.Data\Getmeajob.Data.csproj", "{A463D931-4081-44F5-8D4C-F9A63640E79A}"
EndProject
Project("{9A19103F-16F7-4668-BE54-9A1E7A4F7556}") = "Getmeajob.ViewModel", "Getmeajob.ViewModel\Getmeajob.ViewModel.csproj", "{380605B1-84C4-4BDD-A856-B15205FE6CE7}"
EndProject
Project("{FAE04EC0-301F-11D3-BF4B-00C04F79EFBC}") = "Getmeajob.Service", "Getmeajob.Service\Getmeajob.Service.csproj", "{BC063197-A9D8-4056-A8F3-CBDF3BD72E0E}"
EndProject
Global
	GlobalSection(SolutionConfigurationPlatforms) = preSolution
		Debug|Any CPU = Debug|Any CPU
		Release|Any CPU = Release|Any CPU
	EndGlobalSection
	GlobalSection(ProjectConfigurationPlatforms) = postSolution
		{6B2AE7CA-9E24-4D2C-A646-4A373DAFDB39}.Debug|Any CPU.ActiveCfg = Debug|Any CPU
		{6B2AE7CA-9E24-4D2C-A646-4A373DAFDB39}.Debug|Any CPU.Build.0 = Debug|Any CPU
		{6B2AE7CA-9E24-4D2C-A646-4A373DAFDB39}.Release|Any CPU.ActiveCfg = Release|Any CPU
		{6B2AE7CA-9E24-4D2C-A646-4A373DAFDB39}.Release|Any CPU.Build.0 = Release|Any CPU
		{07C2724E-53FD-433B-9185-0C0EB432C7F2}.Debug|Any CPU.ActiveCfg = Debug|Any CPU
		{07C2724E-53FD-433B-9185-0C0EB432C7F2}.Debug|Any CPU.Build.0 = Debug|Any CPU
		{07C2724E-53FD-433B-9185-0C0EB432C7F2}.Release|Any CPU.ActiveCfg = Release|Any CPU
		{07C2724E-53FD-433B-9185-0C0EB432C7F2}.Release|Any CPU.Build.0 = Release|Any CPU
		{97545E9D-CC5E-426E-9ABA-61CF3AA01B3A}.Debug|Any CPU.ActiveCfg = Debug|Any CPU
		{97545E9D-CC5E-426E-9ABA-61CF3AA01B3A}.Debug|Any CPU.Build.0 = Debug|Any CPU
		{97545E9D-CC5E-426E-9ABA-61CF3AA01B3A}.Release|Any CPU.ActiveCfg = Release|Any CPU
		{97545E9D-CC5E-426E-9ABA-61CF3AA01B3A}.Release|Any CPU.Build.0 = Release|Any CPU
		{2268BC1B-CB4C-4F93-A1C4-8EBB81788349}.Debug|Any CPU.ActiveCfg = Debug|Any CPU
		{2268BC1B-CB4C-4F93-A1C4-8EBB81788349}.Debug|Any CPU.Build.0 = Debug|Any CPU
		{2268BC1B-CB4C-4F93-A1C4-8EBB81788349}.Release|Any CPU.ActiveCfg = Release|Any CPU
		{2268BC1B-CB4C-4F93-A1C4-8EBB81788349}.Release|Any CPU.Build.0 = Release|Any CPU
		{A463D931-4081-44F5-8D4C-F9A63640E79A}.Debug|Any CPU.ActiveCfg = Debug|Any CPU
		{A463D931-4081-44F5-8D4C-F9A63640E79A}.Debug|Any CPU.Build.0 = Debug|Any CPU
		{A463D931-4081-44F5-8D4C-F9A63640E79A}.Release|Any CPU.ActiveCfg = Release|Any CPU
		{A463D931-4081-44F5-8D4C-F9A63640E79A}.Release|Any CPU.Build.0 = Release|Any CPU
		{380605B1-84C4-4BDD-A856-B15205FE6CE7}.Debug|Any CPU.ActiveCfg = Debug|Any CPU
		{380605B1-84C4-4BDD-A856-B15205FE6CE7}.Debug|Any CPU.Build.0 = Debug|Any CPU
		{380605B1-84C4-4BDD-A856-B15205FE6CE7}.Release|Any CPU.ActiveCfg = Release|Any CPU
		{380605B1-84C4-4BDD-A856-B15205FE6CE7}.Release|Any CPU.Build.0 = Release|Any CPU
		{BC063197-A9D8-4056-A8F3-CBDF3BD72E0E}.Debug|Any CPU.ActiveCfg = Debug|Any CPU
		{BC063197-A9D8-4056-A8F3-CBDF3BD72E0E}.Debug|Any CPU.Build.0 = Debug|Any CPU
		{BC063197-A9D8-4056-A8F3-CBDF3BD72E0E}.Release|Any CPU.ActiveCfg = Release|Any CPU
		{BC063197-A9D8-4056-A8F3-CBDF3BD72E0E}.Release|Any CPU.Build.0 = Release|Any CPU
	EndGlobalSection
	GlobalSection(SolutionProperties) = preSolution
		HideSolutionNode = FALSE
	EndGlobalSection
	GlobalSection(ExtensibilityGlobals) = postSolution
		SolutionGuid = {C15AB958-1339-4490-A15D-EA81626D91D7}
	EndGlobalSection
EndGlobal
